
Microsoft Visual Studio Solution File, Format Version 12.00
# Visual Studio Version 17
VisualStudioVersion = 17.8.34408.163
MinimumVisualStudioVersion = 10.0.40219.1
Project("{9A19103F-16F7-4668-BE54-9A1E7A4F7556}") = "Demo01Ado", "Demo01Ado\Demo01Ado.csproj", "{CFA3DAF1-BD6B-42AE-AE77-233A2BBBD5F1}"
EndProject
Project("{2150E333-8FDC-42A3-9474-1A3956D46DE8}") = "Demo", "Demo", "{AFE678A6-6FB6-4E58-81AA-42B3607D9A12}"
EndProject
Project("{2150E333-8FDC-42A3-9474-1A3956D46DE8}") = "Exercices", "Exercices", "{3D5DF3C1-C9F3-4FB8-A8F0-6C1310E72B5E}"
EndProject
Project("{FAE04EC0-301F-11D3-BF4B-00C04F79EFBC}") = "Exercice01Etudiant", "Exercice01Etudiant\Exercice01Etudiant.csproj", "{652926CA-5B34-4050-9635-3F7C17F1E98B}"
EndProject
Global
	GlobalSection(SolutionConfigurationPlatforms) = preSolution
		Debug|Any CPU = Debug|Any CPU
		Release|Any CPU = Release|Any CPU
	EndGlobalSection
	GlobalSection(ProjectConfigurationPlatforms) = postSolution
		{CFA3DAF1-BD6B-42AE-AE77-233A2BBBD5F1}.Debug|Any CPU.ActiveCfg = Debug|Any CPU
		{CFA3DAF1-BD6B-42AE-AE77-233A2BBBD5F1}.Debug|Any CPU.Build.0 = Debug|Any CPU
		{CFA3DAF1-BD6B-42AE-AE77-233A2BBBD5F1}.Release|Any CPU.ActiveCfg = Release|Any CPU
		{CFA3DAF1-BD6B-42AE-AE77-233A2BBBD5F1}.Release|Any CPU.Build.0 = Release|Any CPU
		{652926CA-5B34-4050-9635-3F7C17F1E98B}.Debug|Any CPU.ActiveCfg = Debug|Any CPU
		{652926CA-5B34-4050-9635-3F7C17F1E98B}.Debug|Any CPU.Build.0 = Debug|Any CPU
		{652926CA-5B34-4050-9635-3F7C17F1E98B}.Release|Any CPU.ActiveCfg = Release|Any CPU
		{652926CA-5B34-4050-9635-3F7C17F1E98B}.Release|Any CPU.Build.0 = Release|Any CPU
	EndGlobalSection
	GlobalSection(SolutionProperties) = preSolution
		HideSolutionNode = FALSE
	EndGlobalSection
	GlobalSection(NestedProjects) = preSolution
		{CFA3DAF1-BD6B-42AE-AE77-233A2BBBD5F1} = {AFE678A6-6FB6-4E58-81AA-42B3607D9A12}
		{652926CA-5B34-4050-9635-3F7C17F1E98B} = {3D5DF3C1-C9F3-4FB8-A8F0-6C1310E72B5E}
	EndGlobalSection
	GlobalSection(ExtensibilityGlobals) = postSolution
		SolutionGuid = {9975122A-460A-499C-A8D0-9F5824A00A52}
	EndGlobalSection
EndGlobal
